lockfile_version: '1'
generated_at: '2026-06-12T12:18:44.142748+00:00'
apm_version: 0.19.0
dependencies:
- repo_url: proofhouse/agent-tools
  host: github.com
  resolved_commit: 9875b7df2075258c847343eea1e4b7fe99f5975f
  resolved_ref: v0.1.0
  package_type: apm_package
  deployed_files:
  - .claude/rules/worktree-wip.md
  - .claude/skills/commit
  - .claude/skills/commit/SKILL.md
  deployed_file_hashes:
    .claude/rules/worktree-wip.md: sha256:bc8a99e42b5c520af7af1c4b709410757b982abf2597a20f0fb0ba2e71116127
    .claude/skills/commit/SKILL.md: sha256:999704f1e928de8a64403d04b3a51781192bd31f55252f551178d9113da71854
  content_hash: sha256:0dbd4d50049c8293dc2e2d3c5f81e39088b5fdb51a4448c90590e58e47b6467a
